
Microsoft Visual Studio Solution File, Format Version 12.00
# Visual Studio 14
VisualStudioVersion = 14.0.25420.1
MinimumVisualStudioVersion = 10.0.40219.1
Project("{FAE04EC0-301F-11D3-BF4B-00C04F79EFBC}") = "Yelemani", "Yelemani\Yelemani.csproj", "{1B7F10D8-330B-4502-9236-C144145248BD}"
EndProject
Global
	GlobalSection(SolutionConfigurationPlatforms) = preSolution
		Debug|Any CPU = Debug|Any CPU
		Release|Any CPU = Release|Any CPU
	EndGlobalSection
	GlobalSection(ProjectConfigurationPlatforms) = postSolution
		{1B7F10D8-330B-4502-9236-C144145248BD}.Debug|Any CPU.ActiveCfg = Debug|Any CPU
		{1B7F10D8-330B-4502-9236-C144145248BD}.Debug|Any CPU.Build.0 = Debug|Any CPU
		{1B7F10D8-330B-4502-9236-C144145248BD}.Release|Any CPU.ActiveCfg = Release|Any CPU
		{1B7F10D8-330B-4502-9236-C144145248BD}.Release|Any CPU.Build.0 = Release|Any CPU
	EndGlobalSection
	GlobalSection(SolutionProperties) = preSolution
		HideSolutionNode = FALSE
	EndGlobalSection
EndGlobal
